
Microsoft Visual Studio Solution File, Format Version 11.00
# Visual Studio 2010
Project("{FAE04EC0-301F-11D3-BF4B-00C04F79EFBC}") = "eventfabric.api", "eventfabric.api\eventfabric.api.csproj", "{26DBEBCC-54A1-4347-921D-5DCB935EB2B8}"
EndProject
Project("{2150E333-8FDC-42A3-9474-1A3956D46DE8}") = "Solution Items", "Solution Items", "{07422E2F-0CA6-4E8F-82BA-AC4335BADDC1}"
	ProjectSection(SolutionItems) = preProject
		eventfabric.api.vsmdi = eventfabric.api.vsmdi
		Local.testsettings = Local.testsettings
		TraceAndTestImpact.testsettings = TraceAndTestImpact.testsettings
	EndProjectSection
EndProject
Project("{FAE04EC0-301F-11D3-BF4B-00C04F79EFBC}") = "eventfabric.api.test", "eventfabric.api.test\eventfabric.api.test.csproj", "{2DBB311F-BEF1-47F8-AFDE-9A98E042C20C}"
EndProject
Global
	GlobalSection(TestCaseManagementSettings) = postSolution
		CategoryFile = eventfabric.api.vsmdi
	EndGlobalSection
	GlobalSection(SolutionConfigurationPlatforms) = preSolution
		Debug|Any CPU = Debug|Any CPU
		Release|Any CPU = Release|Any CPU
	EndGlobalSection
	GlobalSection(ProjectConfigurationPlatforms) = postSolution
		{26DBEBCC-54A1-4347-921D-5DCB935EB2B8}.Debug|Any CPU.ActiveCfg = Debug|Any CPU
		{26DBEBCC-54A1-4347-921D-5DCB935EB2B8}.Debug|Any CPU.Build.0 = Debug|Any CPU
		{26DBEBCC-54A1-4347-921D-5DCB935EB2B8}.Release|Any CPU.ActiveCfg = Release|Any CPU
		{26DBEBCC-54A1-4347-921D-5DCB935EB2B8}.Release|Any CPU.Build.0 = Release|Any CPU
		{2DBB311F-BEF1-47F8-AFDE-9A98E042C20C}.Debug|Any CPU.ActiveCfg = Debug|Any CPU
		{2DBB311F-BEF1-47F8-AFDE-9A98E042C20C}.Debug|Any CPU.Build.0 = Debug|Any CPU
		{2DBB311F-BEF1-47F8-AFDE-9A98E042C20C}.Release|Any CPU.ActiveCfg = Release|Any CPU
		{2DBB311F-BEF1-47F8-AFDE-9A98E042C20C}.Release|Any CPU.Build.0 = Release|Any CPU
	EndGlobalSection
	GlobalSection(SolutionProperties) = preSolution
		HideSolutionNode = FALSE
	EndGlobalSection
	GlobalSection(MonoDevelopProperties) = preSolution
		StartupItem = eventfabric.api\eventfabric.api.csproj
	EndGlobalSection
EndGlobal
